
Microsoft Visual Studio Solution File, Format Version 12.00
# Visual Studio Version 16
VisualStudioVersion = 16.0.28803.202
MinimumVisualStudioVersion = 10.0.40219.1
Project("{9A19103F-16F7-4668-BE54-9A1E7A4F7556}") = "Framework", "Framework\Framework.csproj", "{B65B37CD-4C46-42FE-BDD0-57F74959CB17}"
EndProject
Project("{FAE04EC0-301F-11D3-BF4B-00C04F79EFBC}") = "TaskMgr.Domain", "TaskMgr.Domain\TaskMgr.Domain.csproj", "{0DF4C41D-0D79-4607-AA3D-4701864D7529}"
EndProject
Global
	GlobalSection(SolutionConfigurationPlatforms) = preSolution
		Debug|Any CPU = Debug|Any CPU
		Release|Any CPU = Release|Any CPU
	EndGlobalSection
	GlobalSection(ProjectConfigurationPlatforms) = postSolution
		{B65B37CD-4C46-42FE-BDD0-57F74959CB17}.Debug|Any CPU.ActiveCfg = Debug|Any CPU
		{B65B37CD-4C46-42FE-BDD0-57F74959CB17}.Debug|Any CPU.Build.0 = Debug|Any CPU
		{B65B37CD-4C46-42FE-BDD0-57F74959CB17}.Release|Any CPU.ActiveCfg = Release|Any CPU
		{B65B37CD-4C46-42FE-BDD0-57F74959CB17}.Release|Any CPU.Build.0 = Release|Any CPU
		{0DF4C41D-0D79-4607-AA3D-4701864D7529}.Debug|Any CPU.ActiveCfg = Debug|Any CPU
		{0DF4C41D-0D79-4607-AA3D-4701864D7529}.Debug|Any CPU.Build.0 = Debug|Any CPU
		{0DF4C41D-0D79-4607-AA3D-4701864D7529}.Release|Any CPU.ActiveCfg = Release|Any CPU
		{0DF4C41D-0D79-4607-AA3D-4701864D7529}.Release|Any CPU.Build.0 = Release|Any CPU
	EndGlobalSection
	GlobalSection(SolutionProperties) = preSolution
		HideSolutionNode = FALSE
	EndGlobalSection
	GlobalSection(ExtensibilityGlobals) = postSolution
		SolutionGuid = {381B3CD6-4C09-4921-9CAB-A7E6B87995A2}
	EndGlobalSection
EndGlobal
